// !$*UTF8*$!
{
	archiveVersion = 1;
	classes = {
	};
	objectVersion = 52;
	objects = {

/* Begin PBXBuildFile section */
		527464D228E59E48008A57A3 /* AuthenticationViewModel.swift in Sources */ = {isa = PBXBuildFile; fileRef = 527464D128E59E48008A57A3 /* AuthenticationViewModel.swift */; };
		527464D428E5E80D008A57A3 /* GoogleService-Info.plist in Resources */ = {isa = PBXBuildFile; fileRef = 527464D328E5E80D008A57A3 /* GoogleService-Info.plist */; };
		527464D728E5EA52008A57A3 /* FirebaseAppDistribution-Beta in Frameworks */ = {isa = PBXBuildFile; productRef = 527464D628E5EA52008A57A3 /* FirebaseAppDistribution-Beta */; };
		527464D928E5EA52008A57A3 /* FirebaseInAppMessaging-Beta in Frameworks */ = {isa = PBXBuildFile; productRef = 527464D828E5EA52008A57A3 /* FirebaseInAppMessaging-Beta */; };
		527464DB28E5EA52008A57A3 /* FirebaseAnalyticsWithoutAdIdSupport in Frameworks */ = {isa = PBXBuildFile; productRef = 527464DA28E5EA52008A57A3 /* FirebaseAnalyticsWithoutAdIdSupport */; };
		527464DD28E5EA52008A57A3 /* FirebaseRemoteConfigSwift in Frameworks */ = {isa = PBXBuildFile; productRef = 527464DC28E5EA52008A57A3 /* FirebaseRemoteConfigSwift */; };
		527464DF28E5EA52008A57A3 /* FirebaseAnalyticsSwift in Frameworks */ = {isa = PBXBuildFile; productRef = 527464DE28E5EA52008A57A3 /* FirebaseAnalyticsSwift */; };
		527464E128E5EA52008A57A3 /* FirebaseFirestore in Frameworks */ = {isa = PBXBuildFile; productRef = 527464E028E5EA52008A57A3 /* FirebaseFirestore */; };
		527464E328E5EA52008A57A3 /* FirebaseAuthCombine-Community in Frameworks */ = {isa = PBXBuildFile; productRef = 527464E228E5EA52008A57A3 /* FirebaseAuthCombine-Community */; };
		527464E528E5EA52008A57A3 /* FirebaseInstallations in Frameworks */ = {isa = PBXBuildFile; productRef = 527464E428E5EA52008A57A3 /* FirebaseInstallations */; };
		527464E728E5EA52008A57A3 /* FirebaseDatabaseSwift in Frameworks */ = {isa = PBXBuildFile; productRef = 527464E628E5EA52008A57A3 /* FirebaseDatabaseSwift */; };
		527464E928E5EA52008A57A3 /* FirebaseAnalyticsOnDeviceConversion in Frameworks */ = {isa = PBXBuildFile; productRef = 527464E828E5EA52008A57A3 /* FirebaseAnalyticsOnDeviceConversion */; };
		527464EB28E5EA52008A57A3 /* FirebaseFunctionsCombine-Community in Frameworks */ = {isa = PBXBuildFile; productRef = 527464EA28E5EA52008A57A3 /* FirebaseFunctionsCombine-Community */; };
		527464ED28E5EA52008A57A3 /* FirebaseDatabase in Frameworks */ = {isa = PBXBuildFile; productRef = 527464EC28E5EA52008A57A3 /* FirebaseDatabase */; };
		527464EF28E5EA52008A57A3 /* FirebaseAnalytics in Frameworks */ = {isa = PBXBuildFile; productRef = 527464EE28E5EA52008A57A3 /* FirebaseAnalytics */; };
		527464F128E5EA52008A57A3 /* FirebasePerformance in Frameworks */ = {isa = PBXBuildFile; productRef = 527464F028E5EA52008A57A3 /* FirebasePerformance */; };
		527464F328E5EA52008A57A3 /* FirebaseRemoteConfig in Frameworks */ = {isa = PBXBuildFile; productRef = 527464F228E5EA52008A57A3 /* FirebaseRemoteConfig */; };
		527464F528E5EA52008A57A3 /* FirebaseAppCheck in Frameworks */ = {isa = PBXBuildFile; productRef = 527464F428E5EA52008A57A3 /* FirebaseAppCheck */; };
		527464F728E5EA52008A57A3 /* FirebaseFirestoreSwift in Frameworks */ = {isa = PBXBuildFile; productRef = 527464F628E5EA52008A57A3 /* FirebaseFirestoreSwift */; };
		527464F928E5EA52008A57A3 /* FirebaseAuth in Frameworks */ = {isa = PBXBuildFile; productRef = 527464F828E5EA52008A57A3 /* FirebaseAuth */; };
		527464FB28E5EA52008A57A3 /* FirebaseInAppMessagingSwift-Beta in Frameworks */ = {isa = PBXBuildFile; productRef = 527464FA28E5EA52008A57A3 /* FirebaseInAppMessagingSwift-Beta */; };
		527464FD28E5EA52008A57A3 /* FirebaseStorageCombine-Community in Frameworks */ = {isa = PBXBuildFile; productRef = 527464FC28E5EA52008A57A3 /* FirebaseStorageCombine-Community */; };
		527464FF28E5EA52008A57A3 /* FirebaseMLModelDownloader in Frameworks */ = {isa = PBXBuildFile; productRef = 527464FE28E5EA52008A57A3 /* FirebaseMLModelDownloader */; };
		5274650128E5EA52008A57A3 /* FirebaseCrashlytics in Frameworks */ = {isa = PBXBuildFile; productRef = 5274650028E5EA52008A57A3 /* FirebaseCrashlytics */; };
		5274650328E5EA52008A57A3 /* FirebaseMessaging in Frameworks */ = {isa = PBXBuildFile; productRef = 5274650228E5EA52008A57A3 /* FirebaseMessaging */; };
		5274650528E5EA52008A57A3 /* FirebaseStorage in Frameworks */ = {isa = PBXBuildFile; productRef = 5274650428E5EA52008A57A3 /* FirebaseStorage */; };
		5274650728E5EA52008A57A3 /* FirebaseDynamicLinks in Frameworks */ = {isa = PBXBuildFile; productRef = 5274650628E5EA52008A57A3 /* FirebaseDynamicLinks */; };
		5274650928E5EA52008A57A3 /* FirebaseFunctions in Frameworks */ = {isa = PBXBuildFile; productRef = 5274650828E5EA52008A57A3 /* FirebaseFunctions */; };
		5274650B28E5EA52008A57A3 /* FirebaseFirestoreCombine-Community in Frameworks */ = {isa = PBXBuildFile; productRef = 5274650A28E5EA52008A57A3 /* FirebaseFirestoreCombine-Community */; };
		5274650D28E5F826008A57A3 /* ImageUploader.swift in Sources */ = {isa = PBXBuildFile; fileRef = 5274650C28E5F826008A57A3 /* ImageUploader.swift */; };
		5274650F28E600E4008A57A3 /* AuthService.swift in Sources */ = {isa = PBXBuildFile; fileRef = 5274650E28E600E4008A57A3 /* AuthService.swift */; };
		5274651128E736F6008A57A3 /* ProfileCell.swift in Sources */ = {isa = PBXBuildFile; fileRef = 5274651028E736F6008A57A3 /* ProfileCell.swift */; };
		5274651328E73708008A57A3 /* ProfileHeader.swift in Sources */ = {isa = PBXBuildFile; fileRef = 5274651228E73708008A57A3 /* ProfileHeader.swift */; };
		5274651628EB2FCC008A57A3 /* UserService.swift in Sources */ = {isa = PBXBuildFile; fileRef = 5274651528EB2FCC008A57A3 /* UserService.swift */; };
		5274651828EB33FB008A57A3 /* Constants.swift in Sources */ = {isa = PBXBuildFile; fileRef = 5274651728EB33FB008A57A3 /* Constants.swift */; };
		5274651A28EB388C008A57A3 /* User.swift in Sources */ = {isa = PBXBuildFile; fileRef = 5274651928EB388C008A57A3 /* User.swift */; };
		5274651C28EB3CE4008A57A3 /* ProfileHeaderViewModel.swift in Sources */ = {isa = PBXBuildFile; fileRef = 5274651B28EB3CE4008A57A3 /* ProfileHeaderViewModel.swift */; };
		5274652028EB580D008A57A3 /* Kingfisher in Frameworks */ = {isa = PBXBuildFile; productRef = 5274651F28EB580D008A57A3 /* Kingfisher */; };
		528004BB28E2F4C4002E270C /* AppDelegate.swift in Sources */ = {isa = PBXBuildFile; fileRef = 528004BA28E2F4C4002E270C /* AppDelegate.swift */; };
		528004BD28E2F4C4002E270C /* SceneDelegate.swift in Sources */ = {isa = PBXBuildFile; fileRef = 528004BC28E2F4C4002E270C /* SceneDelegate.swift */; };
		528004BF28E2F4C4002E270C /* ViewController.swift in Sources */ = {isa = PBXBuildFile; fileRef = 528004BE28E2F4C4002E270C /* ViewController.swift */; };
		528004C228E2F4C4002E270C /* Main.storyboard in Resources */ = {isa = PBXBuildFile; fileRef = 528004C028E2F4C4002E270C /* Main.storyboard */; };
		528004C428E2F4C7002E270C /* Assets.xcassets in Resources */ = {isa = PBXBuildFile; fileRef = 528004C328E2F4C7002E270C /* Assets.xcassets */; };
		528004C728E2F4C7002E270C /* LaunchScreen.storyboard in Resources */ = {isa = PBXBuildFile; fileRef = 528004C528E2F4C7002E270C /* LaunchScreen.storyboard */; };
		528004D528E2F6AD002E270C /* MainTabController.swift in Sources */ = {isa = PBXBuildFile; fileRef = 528004D428E2F6AD002E270C /* MainTabController.swift */; };
		528004D728E2FD89002E270C /* FeedController.swift in Sources */ = {isa = PBXBuildFile; fileRef = 528004D628E2FD89002E270C /* FeedController.swift */; };
		528004D928E2FD9B002E270C /* SearchController.swift in Sources */ = {isa = PBXBuildFile; fileRef = 528004D828E2FD9B002E270C /* SearchController.swift */; };
		528004DB28E2FDAF002E270C /* ImageSelectorController.swift in Sources */ = {isa = PBXBuildFile; fileRef = 528004DA28E2FDAF002E270C /* ImageSelectorController.swift */; };
		528004DD28E2FDCB002E270C /* NotificationController.swift in Sources */ = {isa = PBXBuildFile; fileRef = 528004DC28E2FDCB002E270C /* NotificationController.swift */; };
		528004DF28E2FDD6002E270C /* ProfileController.swift in Sources */ = {isa = PBXBuildFile; fileRef = 528004DE28E2FDD6002E270C /* ProfileController.swift */; };
		528004E128E47252002E270C /* FeedCell.swift in Sources */ = {isa = PBXBuildFile; fileRef = 528004E028E47252002E270C /* FeedCell.swift */; };
		528004E328E475EF002E270C /* Extentions.swift in Sources */ = {isa = PBXBuildFile; fileRef = 528004E228E475EF002E270C /* Extentions.swift */; };
		528004E628E4A982002E270C /* LoginController.swift in Sources */ = {isa = PBXBuildFile; fileRef = 528004E528E4A982002E270C /* LoginController.swift */; };
		528004E828E4A99E002E270C /* RegistrationController.swift in Sources */ = {isa = PBXBuildFile; fileRef = 528004E728E4A99E002E270C /* RegistrationController.swift */; };
		528004EA28E4D902002E270C /* CustomTextField.swift in Sources */ = {isa = PBXBuildFile; fileRef = 528004E928E4D902002E270C /* CustomTextField.swift */; };
		52D787E628EC4C7800677FCE /* UserCell.swift in Sources */ = {isa = PBXBuildFile; fileRef = 52D787E528EC4C7800677FCE /* UserCell.swift */; };
		52D787E828ECC05A00677FCE /* UserCellViewModel.swift in Sources */ = {isa = PBXBuildFile; fileRef = 52D787E728ECC05A00677FCE /* UserCellViewModel.swift */; };
		52D787EB28F44B4900677FCE /* YPImagePicker in Frameworks */ = {isa = PBXBuildFile; productRef = 52D787EA28F44B4900677FCE /* YPImagePicker */; };
		52D787ED28F45B3A00677FCE /* UploadPostController.swift in Sources */ = {isa = PBXBuildFile; fileRef = 52D787EC28F45B3A00677FCE /* UploadPostController.swift */; };
		52D787EF28F48EAC00677FCE /* InputTextView.swift in Sources */ = {isa = PBXBuildFile; fileRef = 52D787EE28F48EAC00677FCE /* InputTextView.swift */; };
		52D787F128F49B2B00677FCE /* PostService.swift in Sources */ = {isa = PBXBuildFile; fileRef = 52D787F028F49B2B00677FCE /* PostService.swift */; };
		52D787F428F5953900677FCE /* JGProgressHUD in Frameworks */ = {isa = PBXBuildFile; productRef = 52D787F328F5953900677FCE /* JGProgressHUD */; };
		52D787F628F5A00800677FCE /* Post.swift in Sources */ = {isa = PBXBuildFile; fileRef = 52D787F528F5A00800677FCE /* Post.swift */; };
		52D787F828F5AE0000677FCE /* PostViewModel.swift in Sources */ = {isa = PBXBuildFile; fileRef = 52D787F728F5AE0000677FCE /* PostViewModel.swift */; };
		52D787FA28F6D12A00677FCE /* CommentController.swift in Sources */ = {isa = PBXBuildFile; fileRef = 52D787F928F6D12A00677FCE /* CommentController.swift */; };
		52D787FC28F6D51100677FCE /* CommentCell.swift in Sources */ = {isa = PBXBuildFile; fileRef = 52D787FB28F6D51100677FCE /* CommentCell.swift */; };
		52D787FE28F6E13400677FCE /* CommentInputAccesoryView.swift in Sources */ = {isa = PBXBuildFile; fileRef = 52D787FD28F6E13400677FCE /* CommentInputAccesoryView.swift */; };
		52D7880028F710C400677FCE /* CommentService.swift in Sources */ = {isa = PBXBuildFile; fileRef = 52D787FF28F710C400677FCE /* CommentService.swift */; };
		52D7880228F719D100677FCE /* Comment.swift in Sources */ = {isa = PBXBuildFile; fileRef = 52D7880128F719D100677FCE /* Comment.swift */; };
		52D7880428F7223000677FCE /* CommentViewModel.swift in Sources */ = {isa = PBXBuildFile; fileRef = 52D7880328F7223000677FCE /* CommentViewModel.swift */; };
/* End PBXBuildFile section */

/* Begin PBXFileReference section */
		527464D128E59E48008A57A3 /* AuthenticationViewModel.swift */ = {isa = PBXFileReference; lastKnownFileType = sourcecode.swift; path = AuthenticationViewModel.swift; sourceTree = "<group>"; };
		527464D328E5E80D008A57A3 /* GoogleService-Info.plist */ = {isa = PBXFileReference; fileEncoding = 4; lastKnownFileType = text.plist.xml; name = "GoogleService-Info.plist"; path = "../../../../../../Downloads/GoogleService-Info.plist"; sourceTree = "<group>"; };
		5274650C28E5F826008A57A3 /* ImageUploader.swift */ = {isa = PBXFileReference; lastKnownFileType = sourcecode.swift; name = ImageUploader.swift; path = Instagram/ViewModel/ImageUploader.swift; sourceTree = SOURCE_ROOT; };
		5274650E28E600E4008A57A3 /* AuthService.swift */ = {isa = PBXFileReference; lastKnownFileType = sourcecode.swift; name = AuthService.swift; path = Instagram/ViewModel/AuthService.swift; sourceTree = SOURCE_ROOT; };
		5274651028E736F6008A57A3 /* ProfileCell.swift */ = {isa = PBXFileReference; lastKnownFileType = sourcecode.swift; path = ProfileCell.swift; sourceTree = "<group>"; };
		5274651228E73708008A57A3 /* ProfileHeader.swift */ = {isa = PBXFileReference; lastKnownFileType = sourcecode.swift; path = ProfileHeader.swift; sourceTree = "<group>"; };
		5274651528EB2FCC008A57A3 /* UserService.swift */ = {isa = PBXFileReference; lastKnownFileType = sourcecode.swift; name = UserService.swift; path = Instagram/View/UserService.swift; sourceTree = SOURCE_ROOT; };
		5274651728EB33FB008A57A3 /* Constants.swift */ = {isa = PBXFileReference; lastKnownFileType = sourcecode.swift; path = Constants.swift; sourceTree = "<group>"; };
		5274651928EB388C008A57A3 /* User.swift */ = {isa = PBXFileReference; lastKnownFileType = sourcecode.swift; name = User.swift; path = Instagram/Utils/User.swift; sourceTree = SOURCE_ROOT; };
		5274651B28EB3CE4008A57A3 /* ProfileHeaderViewModel.swift */ = {isa = PBXFileReference; lastKnownFileType = sourcecode.swift; path = ProfileHeaderViewModel.swift; sourceTree = "<group>"; };
		528004B728E2F4C4002E270C /* Instagram.app */ = {isa = PBXFileReference; explicitFileType = wrapper.application; includeInIndex = 0; path = Instagram.app; sourceTree = BUILT_PRODUCTS_DIR; };
		528004BA28E2F4C4002E270C /* AppDelegate.swift */ = {isa = PBXFileReference; lastKnownFileType = sourcecode.swift; path = AppDelegate.swift; sourceTree = "<group>"; };
		528004BC28E2F4C4002E270C /* SceneDelegate.swift */ = {isa = PBXFileReference; lastKnownFileType = sourcecode.swift; path = SceneDelegate.swift; sourceTree = "<group>"; };
		528004BE28E2F4C4002E270C /* ViewController.swift */ = {isa = PBXFileReference; lastKnownFileType = sourcecode.swift; path = ViewController.swift; sourceTree = "<group>"; };
		528004C128E2F4C4002E270C /* Base */ = {isa = PBXFileReference; lastKnownFileType = file.storyboard; name = Base; path = Base.lproj/Main.storyboard; sourceTree = "<group>"; };
		528004C328E2F4C7002E270C /* Assets.xcassets */ = {isa = PBXFileReference; lastKnownFileType = folder.assetcatalog; path = Assets.xcassets; sourceTree = "<group>"; };
		528004C628E2F4C7002E270C /* Base */ = {isa = PBXFileReference; lastKnownFileType = file.storyboard; name = Base; path = Base.lproj/LaunchScreen.storyboard; sourceTree = "<group>"; };
		528004C828E2F4C7002E270C /* Info.plist */ = {isa = PBXFileReference; lastKnownFileType = text.plist.xml; path = Info.plist; sourceTree = "<group>"; };
		528004D428E2F6AD002E270C /* MainTabController.swift */ = {isa = PBXFileReference; lastKnownFileType = sourcecode.swift; path = MainTabController.swift; sourceTree = "<group>"; };
		528004D628E2FD89002E270C /* FeedController.swift */ = {isa = PBXFileReference; lastKnownFileType = sourcecode.swift; path = FeedController.swift; sourceTree = "<group>"; };
		528004D828E2FD9B002E270C /* SearchController.swift */ = {isa = PBXFileReference; lastKnownFileType = sourcecode.swift; path = SearchController.swift; sourceTree = "<group>"; };
		528004DA28E2FDAF002E270C /* ImageSelectorController.swift */ = {isa = PBXFileReference; lastKnownFileType = sourcecode.swift; path = ImageSelectorController.swift; sourceTree = "<group>"; };
		528004DC28E2FDCB002E270C /* NotificationController.swift */ = {isa = PBXFileReference; lastKnownFileType = sourcecode.swift; path = NotificationController.swift; sourceTree = "<group>"; };
		528004DE28E2FDD6002E270C /* ProfileController.swift */ = {isa = PBXFileReference; lastKnownFileType = sourcecode.swift; path = ProfileController.swift; sourceTree = "<group>"; };
		528004E028E47252002E270C /* FeedCell.swift */ = {isa = PBXFileReference; lastKnownFileType = sourcecode.swift; path = FeedCell.swift; sourceTree = "<group>"; };
		528004E228E475EF002E270C /* Extentions.swift */ = {isa = PBXFileReference; lastKnownFileType = sourcecode.swift; path = Extentions.swift; sourceTree = "<group>"; };
		528004E528E4A982002E270C /* LoginController.swift */ = {isa = PBXFileReference; lastKnownFileType = sourcecode.swift; path = LoginController.swift; sourceTree = "<group>"; };
		528004E728E4A99E002E270C /* RegistrationController.swift */ = {isa = PBXFileReference; lastKnownFileType = sourcecode.swift; path = RegistrationController.swift; sourceTree = "<group>"; };
		528004E928E4D902002E270C /* CustomTextField.swift */ = {isa = PBXFileReference; lastKnownFileType = sourcecode.swift; path = CustomTextField.swift; sourceTree = "<group>"; };
		52D787E528EC4C7800677FCE /* UserCell.swift */ = {isa = PBXFileReference; lastKnownFileType = sourcecode.swift; path = UserCell.swift; sourceTree = "<group>"; };
		52D787E728ECC05A00677FCE /* UserCellViewModel.swift */ = {isa = PBXFileReference; lastKnownFileType = sourcecode.swift; path = UserCellViewModel.swift; sourceTree = "<group>"; };
		52D787EC28F45B3A00677FCE /* UploadPostController.swift */ = {isa = PBXFileReference; lastKnownFileType = sourcecode.swift; path = UploadPostController.swift; sourceTree = "<group>"; };
		52D787EE28F48EAC00677FCE /* InputTextView.swift */ = {isa = PBXFileReference; lastKnownFileType = sourcecode.swift; path = InputTextView.swift; sourceTree = "<group>"; };
		52D787F028F49B2B00677FCE /* PostService.swift */ = {isa = PBXFileReference; lastKnownFileType = sourcecode.swift; name = PostService.swift; path = Instagram/Utils/PostService.swift; sourceTree = SOURCE_ROOT; };
		52D787F528F5A00800677FCE /* Post.swift */ = {isa = PBXFileReference; lastKnownFileType = sourcecode.swift; name = Post.swift; path = Instagram/Utils/Post.swift; sourceTree = SOURCE_ROOT; };
		52D787F728F5AE0000677FCE /* PostViewModel.swift */ = {isa = PBXFileReference; lastKnownFileType = sourcecode.swift; path = PostViewModel.swift; sourceTree = "<group>"; };
		52D787F928F6D12A00677FCE /* CommentController.swift */ = {isa = PBXFileReference; lastKnownFileType = sourcecode.swift; path = CommentController.swift; sourceTree = "<group>"; };
		52D787FB28F6D51100677FCE /* CommentCell.swift */ = {isa = PBXFileReference; lastKnownFileType = sourcecode.swift; path = CommentCell.swift; sourceTree = "<group>"; };
		52D787FD28F6E13400677FCE /* CommentInputAccesoryView.swift */ = {isa = PBXFileReference; lastKnownFileType = sourcecode.swift; path = CommentInputAccesoryView.swift; sourceTree = "<group>"; };
		52D787FF28F710C400677FCE /* CommentService.swift */ = {isa = PBXFileReference; lastKnownFileType = sourcecode.swift; name = CommentService.swift; path = Instagram/View/CommentService.swift; sourceTree = SOURCE_ROOT; };
		52D7880128F719D100677FCE /* Comment.swift */ = {isa = PBXFileReference; lastKnownFileType = sourcecode.swift; name = Comment.swift; path = Instagram/View/Comment.swift; sourceTree = SOURCE_ROOT; };
		52D7880328F7223000677FCE /* CommentViewModel.swift */ = {isa = PBXFileReference; lastKnownFileType = sourcecode.swift; path = CommentViewModel.swift; sourceTree = "<group>"; };
/* End PBXFileReference section */

/* Begin PBXFrameworksBuildPhase section */
		528004B428E2F4C4002E270C /* Frameworks */ = {
			isa = PBXFrameworksBuildPhase;
			buildActionMask = 2147483647;
			files = (
				527464F528E5EA52008A57A3 /* FirebaseAppCheck in Frameworks */,
				527464F728E5EA52008A57A3 /* FirebaseFirestoreSwift in Frameworks */,
				527464FD28E5EA52008A57A3 /* FirebaseStorageCombine-Community in Frameworks */,
				5274650B28E5EA52008A57A3 /* FirebaseFirestoreCombine-Community in Frameworks */,
				52D787F428F5953900677FCE /* JGProgressHUD in Frameworks */,
				5274650328E5EA52008A57A3 /* FirebaseMessaging in Frameworks */,
				527464F128E5EA52008A57A3 /* FirebasePerformance in Frameworks */,
				5274650528E5EA52008A57A3 /* FirebaseStorage in Frameworks */,
				52D787EB28F44B4900677FCE /* YPImagePicker in Frameworks */,
				527464D728E5EA52008A57A3 /* FirebaseAppDistribution-Beta in Frameworks */,
				5274650128E5EA52008A57A3 /* FirebaseCrashlytics in Frameworks */,
				527464DD28E5EA52008A57A3 /* FirebaseRemoteConfigSwift in Frameworks */,
				5274650928E5EA52008A57A3 /* FirebaseFunctions in Frameworks */,
				527464FF28E5EA52008A57A3 /* FirebaseMLModelDownloader in Frameworks */,
				527464DB28E5EA52008A57A3 /* FirebaseAnalyticsWithoutAdIdSupport in Frameworks */,
				527464E728E5EA52008A57A3 /* FirebaseDatabaseSwift in Frameworks */,
				527464EF28E5EA52008A57A3 /* FirebaseAnalytics in Frameworks */,
				527464E528E5EA52008A57A3 /* FirebaseInstallations in Frameworks */,
				5274652028EB580D008A57A3 /* Kingfisher in Frameworks */,
				527464D928E5EA52008A57A3 /* FirebaseInAppMessaging-Beta in Frameworks */,
				527464ED28E5EA52008A57A3 /* FirebaseDatabase in Frameworks */,
				527464F328E5EA52008A57A3 /* FirebaseRemoteConfig in Frameworks */,
				527464DF28E5EA52008A57A3 /* FirebaseAnalyticsSwift in Frameworks */,
				527464F928E5EA52008A57A3 /* FirebaseAuth in Frameworks */,
				5274650728E5EA52008A57A3 /* FirebaseDynamicLinks in Frameworks */,
				527464E928E5EA52008A57A3 /* FirebaseAnalyticsOnDeviceConversion in Frameworks */,
				527464E328E5EA52008A57A3 /* FirebaseAuthCombine-Community in Frameworks */,
				527464FB28E5EA52008A57A3 /* FirebaseInAppMessagingSwift-Beta in Frameworks */,
				527464EB28E5EA52008A57A3 /* FirebaseFunctionsCombine-Community in Frameworks */,
				527464E128E5EA52008A57A3 /* FirebaseFirestore in Frameworks */,
			);
			runOnlyForDeploymentPostprocessing = 0;
		};
/* End PBXFrameworksBuildPhase section */

/* Begin PBXGroup section */
		5274651428E737A8008A57A3 /* Profile */ = {
			isa = PBXGroup;
			children = (
				5274651028E736F6008A57A3 /* ProfileCell.swift */,
				5274651228E73708008A57A3 /* ProfileHeader.swift */,
			);
			path = Profile;
			sourceTree = "<group>";
		};
		528004AE28E2F4C4002E270C = {
			isa = PBXGroup;
			children = (
				528004B928E2F4C4002E270C /* Instagram */,
				528004B828E2F4C4002E270C /* Products */,
			);
			sourceTree = "<group>";
		};
		528004B828E2F4C4002E270C /* Products */ = {
			isa = PBXGroup;
			children = (
				528004B728E2F4C4002E270C /* Instagram.app */,
			);
			name = Products;
			sourceTree = "<group>";
		};
		528004B928E2F4C4002E270C /* Instagram */ = {
			isa = PBXGroup;
			children = (
				528004D328E2F53C002E270C /* Model */,
				528004D228E2F53A002E270C /* View */,
				528004D128E2F538002E270C /* ViewModel */,
				528004D028E2F535002E270C /* Controller */,
				528004CF28E2F532002E270C /* API */,
				528004CE28E2F506002E270C /* Utils */,
				528004BA28E2F4C4002E270C /* AppDelegate.swift */,
				528004BC28E2F4C4002E270C /* SceneDelegate.swift */,
				527464D328E5E80D008A57A3 /* GoogleService-Info.plist */,
				528004BE28E2F4C4002E270C /* ViewController.swift */,
				528004C028E2F4C4002E270C /* Main.storyboard */,
				528004C328E2F4C7002E270C /* Assets.xcassets */,
				528004C528E2F4C7002E270C /* LaunchScreen.storyboard */,
				528004C828E2F4C7002E270C /* Info.plist */,
			);
			path = Instagram;
			sourceTree = "<group>";
		};
		528004CE28E2F506002E270C /* Utils */ = {
			isa = PBXGroup;
			children = (
				528004E228E475EF002E270C /* Extentions.swift */,
				5274651728EB33FB008A57A3 /* Constants.swift */,
				52D787EE28F48EAC00677FCE /* InputTextView.swift */,
			);
			path = Utils;
			sourceTree = "<group>";
		};
		528004CF28E2F532002E270C /* API */ = {
			isa = PBXGroup;
			children = (
				5274650C28E5F826008A57A3 /* ImageUploader.swift */,
				52D787F028F49B2B00677FCE /* PostService.swift */,
				5274650E28E600E4008A57A3 /* AuthService.swift */,
				5274651528EB2FCC008A57A3 /* UserService.swift */,
				52D787FF28F710C400677FCE /* CommentService.swift */,
			);
			path = API;
			sourceTree = "<group>";
		};
		528004D028E2F535002E270C /* Controller */ = {
			isa = PBXGroup;
			children = (
				528004E428E4A934002E270C /* Authentication */,
				528004D428E2F6AD002E270C /* MainTabController.swift */,
				528004D628E2FD89002E270C /* FeedController.swift */,
				528004D828E2FD9B002E270C /* SearchController.swift */,
				528004DA28E2FDAF002E270C /* ImageSelectorController.swift */,
				528004DC28E2FDCB002E270C /* NotificationController.swift */,
				528004DE28E2FDD6002E270C /* ProfileController.swift */,
				52D787EC28F45B3A00677FCE /* UploadPostController.swift */,
				52D787F928F6D12A00677FCE /* CommentController.swift */,
			);
			path = Controller;
			sourceTree = "<group>";
		};
		528004D128E2F538002E270C /* ViewModel */ = {
			isa = PBXGroup;
			children = (
				527464D128E59E48008A57A3 /* AuthenticationViewModel.swift */,
				5274651B28EB3CE4008A57A3 /* ProfileHeaderViewModel.swift */,
				52D787E728ECC05A00677FCE /* UserCellViewModel.swift */,
				52D787F728F5AE0000677FCE /* PostViewModel.swift */,
				52D7880328F7223000677FCE /* CommentViewModel.swift */,
			);
			path = ViewModel;
			sourceTree = "<group>";
		};
		528004D228E2F53A002E270C /* View */ = {
			isa = PBXGroup;
			children = (
				5274651428E737A8008A57A3 /* Profile */,
				528004E028E47252002E270C /* FeedCell.swift */,
				528004E928E4D902002E270C /* CustomTextField.swift */,
				52D787E528EC4C7800677FCE /* UserCell.swift */,
				52D787FB28F6D51100677FCE /* CommentCell.swift */,
				52D787FD28F6E13400677FCE /* CommentInputAccesoryView.swift */,
			);
			path = View;
			sourceTree = "<group>";
		};
		528004D328E2F53C002E270C /* Model */ = {
			isa = PBXGroup;
			children = (
				5274651928EB388C008A57A3 /* User.swift */,
				52D787F528F5A00800677FCE /* Post.swift */,
				52D7880128F719D100677FCE /* Comment.swift */,
			);
			path = Model;
			sourceTree = "<group>";
		};
		528004E428E4A934002E270C /* Authentication */ = {
			isa = PBXGroup;
			children = (
				528004E528E4A982002E270C /* LoginController.swift */,
				528004E728E4A99E002E270C /* RegistrationController.swift */,
			);
			path = Authentication;
			sourceTree = "<group>";
		};
/* End PBXGroup section */

/* Begin PBXNativeTarget section */
		528004B628E2F4C4002E270C /* Instagram */ = {
			isa = PBXNativeTarget;
			buildConfigurationList = 528004CB28E2F4C7002E270C /* Build configuration list for PBXNativeTarget "Instagram" */;
			buildPhases = (
				528004B328E2F4C4002E270C /* Sources */,
				528004B428E2F4C4002E270C /* Frameworks */,
				528004B528E2F4C4002E270C /* Resources */,
			);
			buildRules = (
			);
			dependencies = (
			);
			name = Instagram;
			packageProductDependencies = (
				527464D628E5EA52008A57A3 /* FirebaseAppDistribution-Beta */,
				527464D828E5EA52008A57A3 /* FirebaseInAppMessaging-Beta */,
				527464DA28E5EA52008A57A3 /* FirebaseAnalyticsWithoutAdIdSupport */,
				527464DC28E5EA52008A57A3 /* FirebaseRemoteConfigSwift */,
				527464DE28E5EA52008A57A3 /* FirebaseAnalyticsSwift */,
				527464E028E5EA52008A57A3 /* FirebaseFirestore */,
				527464E228E5EA52008A57A3 /* FirebaseAuthCombine-Community */,
				527464E428E5EA52008A57A3 /* FirebaseInstallations */,
				527464E628E5EA52008A57A3 /* FirebaseDatabaseSwift */,
				527464E828E5EA52008A57A3 /* FirebaseAnalyticsOnDeviceConversion */,
				527464EA28E5EA52008A57A3 /* FirebaseFunctionsCombine-Community */,
				527464EC28E5EA52008A57A3 /* FirebaseDatabase */,
				527464EE28E5EA52008A57A3 /* FirebaseAnalytics */,
				527464F028E5EA52008A57A3 /* FirebasePerformance */,
				527464F228E5EA52008A57A3 /* FirebaseRemoteConfig */,
				527464F428E5EA52008A57A3 /* FirebaseAppCheck */,
				527464F628E5EA52008A57A3 /* FirebaseFirestoreSwift */,
				527464F828E5EA52008A57A3 /* FirebaseAuth */,
				527464FA28E5EA52008A57A3 /* FirebaseInAppMessagingSwift-Beta */,
				527464FC28E5EA52008A57A3 /* FirebaseStorageCombine-Community */,
				527464FE28E5EA52008A57A3 /* FirebaseMLModelDownloader */,
				5274650028E5EA52008A57A3 /* FirebaseCrashlytics */,
				5274650228E5EA52008A57A3 /* FirebaseMessaging */,
				5274650428E5EA52008A57A3 /* FirebaseStorage */,
				5274650628E5EA52008A57A3 /* FirebaseDynamicLinks */,
				5274650828E5EA52008A57A3 /* FirebaseFunctions */,
				5274650A28E5EA52008A57A3 /* FirebaseFirestoreCombine-Community */,
				5274651F28EB580D008A57A3 /* Kingfisher */,
				52D787EA28F44B4900677FCE /* YPImagePicker */,
				52D787F328F5953900677FCE /* JGProgressHUD */,
			);
			productName = Instagram;
			productReference = 528004B728E2F4C4002E270C /* Instagram.app */;
			productType = "com.apple.product-type.application";
		};
/* End PBXNativeTarget section */

/* Begin PBXProject section */
		528004AF28E2F4C4002E270C /* Project object */ = {
			isa = PBXProject;
			attributes = {
				LastSwiftUpdateCheck = 1250;
				LastUpgradeCheck = 1250;
				TargetAttributes = {
					528004B628E2F4C4002E270C = {
						CreatedOnToolsVersion = 12.5.1;
					};
				};
			};
			buildConfigurationList = 528004B228E2F4C4002E270C /* Build configuration list for PBXProject "Instagram" */;
			compatibilityVersion = "Xcode 9.3";
			developmentRegion = en;
			hasScannedForEncodings = 0;
			knownRegions = (
				en,
				Base,
			);
			mainGroup = 528004AE28E2F4C4002E270C;
			packageReferences = (
				527464D528E5EA52008A57A3 /* XCRemoteSwiftPackageReference "firebase-ios-sdk" */,
				5274651D28EB45CE008A57A3 /* XCRemoteSwiftPackageReference "SDWebImage" */,
				5274651E28EB580D008A57A3 /* XCRemoteSwiftPackageReference "Kingfisher" */,
				52D787E928F44B4900677FCE /* XCRemoteSwiftPackageReference "YPImagePicker" */,
				52D787F228F5953900677FCE /* XCRemoteSwiftPackageReference "JGProgressHUD" */,
			);
			productRefGroup = 528004B828E2F4C4002E270C /* Products */;
			projectDirPath = "";
			projectRoot = "";
			targets = (
				528004B628E2F4C4002E270C /* Instagram */,
			);
		};
/* End PBXProject section */

/* Begin PBXResourcesBuildPhase section */
		528004B528E2F4C4002E270C /* Resources */ = {
			isa = PBXResourcesBuildPhase;
			buildActionMask = 2147483647;
			files = (
				528004C728E2F4C7002E270C /* LaunchScreen.storyboard in Resources */,
				527464D428E5E80D008A57A3 /* GoogleService-Info.plist in Resources */,
				528004C428E2F4C7002E270C /* Assets.xcassets in Resources */,
				528004C228E2F4C4002E270C /* Main.storyboard in Resources */,
			);
			runOnlyForDeploymentPostprocessing = 0;
		};
/* End PBXResourcesBuildPhase section */

/* Begin PBXSourcesBuildPhase section */
		528004B328E2F4C4002E270C /* Sources */ = {
			isa = PBXSourcesBuildPhase;
			buildActionMask = 2147483647;
			files = (
				52D7880428F7223000677FCE /* CommentViewModel.swift in Sources */,
				52D787F828F5AE0000677FCE /* PostViewModel.swift in Sources */,
				528004EA28E4D902002E270C /* CustomTextField.swift in Sources */,
				5274651328E73708008A57A3 /* ProfileHeader.swift in Sources */,
				52D787FA28F6D12A00677FCE /* CommentController.swift in Sources */,
				52D787ED28F45B3A00677FCE /* UploadPostController.swift in Sources */,
				528004BF28E2F4C4002E270C /* ViewController.swift in Sources */,
				528004E628E4A982002E270C /* LoginController.swift in Sources */,
				528004E128E47252002E270C /* FeedCell.swift in Sources */,
				528004DB28E2FDAF002E270C /* ImageSelectorController.swift in Sources */,
				52D7880028F710C400677FCE /* CommentService.swift in Sources */,
				52D7880228F719D100677FCE /* Comment.swift in Sources */,
				528004E328E475EF002E270C /* Extentions.swift in Sources */,
				527464D228E59E48008A57A3 /* AuthenticationViewModel.swift in Sources */,
				52D787E628EC4C7800677FCE /* UserCell.swift in Sources */,
				528004DD28E2FDCB002E270C /* NotificationController.swift in Sources */,
				528004D928E2FD9B002E270C /* SearchController.swift in Sources */,
				5274651A28EB388C008A57A3 /* User.swift in Sources */,
				52D787EF28F48EAC00677FCE /* InputTextView.swift in Sources */,
				528004BB28E2F4C4002E270C /* AppDelegate.swift in Sources */,
				5274651C28EB3CE4008A57A3 /* ProfileHeaderViewModel.swift in Sources */,
				5274651828EB33FB008A57A3 /* Constants.swift in Sources */,
				528004DF28E2FDD6002E270C /* ProfileController.swift in Sources */,
				52D787E828ECC05A00677FCE /* UserCellViewModel.swift in Sources */,
				528004D728E2FD89002E270C /* FeedController.swift in Sources */,
				528004D528E2F6AD002E270C /* MainTabController.swift in Sources */,
				5274650D28E5F826008A57A3 /* ImageUploader.swift in Sources */,
				52D787F628F5A00800677FCE /* Post.swift in Sources */,
				5274650F28E600E4008A57A3 /* AuthService.swift in Sources */,
				52D787FE28F6E13400677FCE /* CommentInputAccesoryView.swift in Sources */,
				52D787F128F49B2B00677FCE /* PostService.swift in Sources */,
				5274651628EB2FCC008A57A3 /* UserService.swift in Sources */,
				5274651128E736F6008A57A3 /* ProfileCell.swift in Sources */,
				528004BD28E2F4C4002E270C /* SceneDelegate.swift in Sources */,
				528004E828E4A99E002E270C /* RegistrationController.swift in Sources */,
				52D787FC28F6D51100677FCE /* CommentCell.swift in Sources */,
			);
			runOnlyForDeploymentPostprocessing = 0;
		};
/* End PBXSourcesBuildPhase section */

/* Begin PBXVariantGroup section */
		528004C028E2F4C4002E270C /* Main.storyboard */ = {
			isa = PBXVariantGroup;
			children = (
				528004C128E2F4C4002E270C /* Base */,
			);
			name = Main.storyboard;
			sourceTree = "<group>";
		};
		528004C528E2F4C7002E270C /* LaunchScreen.storyboard */ = {
			isa = PBXVariantGroup;
			children = (
				528004C628E2F4C7002E270C /* Base */,
			);
			name = LaunchScreen.storyboard;
			sourceTree = "<group>";
		};
/* End PBXVariantGroup section */

/* Begin XCBuildConfiguration section */
		528004C928E2F4C7002E270C /* Debug */ = {
			isa = XCBuildConfiguration;
			buildSettings = {
				ALWAYS_SEARCH_USER_PATHS = NO;
				CLANG_ANALYZER_NONNULL = YES;
				CLANG_ANALYZER_NUMBER_OBJECT_CONVERSION = YES_AGGRESSIVE;
				CLANG_CXX_LANGUAGE_STANDARD = "gnu++14";
				CLANG_CXX_LIBRARY = "libc++";
				CLANG_ENABLE_MODULES = YES;
				CLANG_ENABLE_OBJC_ARC = YES;
				CLANG_ENABLE_OBJC_WEAK = YES;
				CLANG_WARN_BLOCK_CAPTURE_AUTORELEASING = YES;
				CLANG_WARN_BOOL_CONVERSION = YES;
				CLANG_WARN_COMMA = YES;
				CLANG_WARN_CONSTANT_CONVERSION = YES;
				CLANG_WARN_DEPRECATED_OBJC_IMPLEMENTATIONS = YES;
				CLANG_WARN_DIRECT_OBJC_ISA_USAGE = YES_ERROR;
				CLANG_WARN_DOCUMENTATION_COMMENTS = YES;
				CLANG_WARN_EMPTY_BODY = YES;
				CLANG_WARN_ENUM_CONVERSION = YES;
				CLANG_WARN_INFINITE_RECURSION = YES;
				CLANG_WARN_INT_CONVERSION = YES;
				CLANG_WARN_NON_LITERAL_NULL_CONVERSION = YES;
				CLANG_WARN_OBJC_IMPLICIT_RETAIN_SELF = YES;
				CLANG_WARN_OBJC_LITERAL_CONVERSION = YES;
				CLANG_WARN_OBJC_ROOT_CLASS = YES_ERROR;
				CLANG_WARN_QUOTED_INCLUDE_IN_FRAMEWORK_HEADER = YES;
				CLANG_WARN_RANGE_LOOP_ANALYSIS = YES;
				CLANG_WARN_STRICT_PROTOTYPES = YES;
				CLANG_WARN_SUSPICIOUS_MOVE = YES;
				CLANG_WARN_UNGUARDED_AVAILABILITY = YES_AGGRESSIVE;
				CLANG_WARN_UNREACHABLE_CODE = YES;
				CLANG_WARN__DUPLICATE_METHOD_MATCH = YES;
				COPY_PHASE_STRIP = NO;
				DEBUG_INFORMATION_FORMAT = dwarf;
				ENABLE_STRICT_OBJC_MSGSEND = YES;
				ENABLE_TESTABILITY = YES;
				GCC_C_LANGUAGE_STANDARD = gnu11;
				GCC_DYNAMIC_NO_PIC = NO;
				GCC_NO_COMMON_BLOCKS = YES;
				GCC_OPTIMIZATION_LEVEL = 0;
				GCC_PREPROCESSOR_DEFINITIONS = (
					"DEBUG=1",
					"$(inherited)",
				);
				GCC_WARN_64_TO_32_BIT_CONVERSION = YES;
				GCC_WARN_ABOUT_RETURN_TYPE = YES_ERROR;
				GCC_WARN_UNDECLARED_SELECTOR = YES;
				GCC_WARN_UNINITIALIZED_AUTOS = YES_AGGRESSIVE;
				GCC_WARN_UNUSED_FUNCTION = YES;
				GCC_WARN_UNUSED_VARIABLE = YES;
				IPHONEOS_DEPLOYMENT_TARGET = 13.0;
				MTL_ENABLE_DEBUG_INFO = INCLUDE_SOURCE;
				MTL_FAST_MATH = YES;
				ONLY_ACTIVE_ARCH = YES;
				SDKROOT = iphoneos;
				SWIFT_ACTIVE_COMPILATION_CONDITIONS = DEBUG;
				SWIFT_OPTIMIZATION_LEVEL = "-Onone";
			};
			name = Debug;
		};
		528004CA28E2F4C7002E270C /* Release */ = {
			isa = XCBuildConfiguration;
			buildSettings = {
				ALWAYS_SEARCH_USER_PATHS = NO;
				CLANG_ANALYZER_NONNULL = YES;
				CLANG_ANALYZER_NUMBER_OBJECT_CONVERSION = YES_AGGRESSIVE;
				CLANG_CXX_LANGUAGE_STANDARD = "gnu++14";
				CLANG_CXX_LIBRARY = "libc++";
				CLANG_ENABLE_MODULES = YES;
				CLANG_ENABLE_OBJC_ARC = YES;
				CLANG_ENABLE_OBJC_WEAK = YES;
				CLANG_WARN_BLOCK_CAPTURE_AUTORELEASING = YES;
				CLANG_WARN_BOOL_CONVERSION = YES;
				CLANG_WARN_COMMA = YES;
				CLANG_WARN_CONSTANT_CONVERSION = YES;
				CLANG_WARN_DEPRECATED_OBJC_IMPLEMENTATIONS = YES;
				CLANG_WARN_DIRECT_OBJC_ISA_USAGE = YES_ERROR;
				CLANG_WARN_DOCUMENTATION_COMMENTS = YES;
				CLANG_WARN_EMPTY_BODY = YES;
				CLANG_WARN_ENUM_CONVERSION = YES;
				CLANG_WARN_INFINITE_RECURSION = YES;
				CLANG_WARN_INT_CONVERSION = YES;
				CLANG_WARN_NON_LITERAL_NULL_CONVERSION = YES;
				CLANG_WARN_OBJC_IMPLICIT_RETAIN_SELF = YES;
				CLANG_WARN_OBJC_LITERAL_CONVERSION = YES;
				CLANG_WARN_OBJC_ROOT_CLASS = YES_ERROR;
				CLANG_WARN_QUOTED_INCLUDE_IN_FRAMEWORK_HEADER = YES;
				CLANG_WARN_RANGE_LOOP_ANALYSIS = YES;
				CLANG_WARN_STRICT_PROTOTYPES = YES;
				CLANG_WARN_SUSPICIOUS_MOVE = YES;
				CLANG_WARN_UNGUARDED_AVAILABILITY = YES_AGGRESSIVE;
				CLANG_WARN_UNREACHABLE_CODE = YES;
				CLANG_WARN__DUPLICATE_METHOD_MATCH = YES;
				COPY_PHASE_STRIP = NO;
				DEBUG_INFORMATION_FORMAT = "dwarf-with-dsym";
				ENABLE_NS_ASSERTIONS = NO;
				ENABLE_STRICT_OBJC_MSGSEND = YES;
				GCC_C_LANGUAGE_STANDARD = gnu11;
				GCC_NO_COMMON_BLOCKS = YES;
				GCC_WARN_64_TO_32_BIT_CONVERSION = YES;
				GCC_WARN_ABOUT_RETURN_TYPE = YES_ERROR;
				GCC_WARN_UNDECLARED_SELECTOR = YES;
				GCC_WARN_UNINITIALIZED_AUTOS = YES_AGGRESSIVE;
				GCC_WARN_UNUSED_FUNCTION = YES;
				GCC_WARN_UNUSED_VARIABLE = YES;
				IPHONEOS_DEPLOYMENT_TARGET = 13.0;
				MTL_ENABLE_DEBUG_INFO = NO;
				MTL_FAST_MATH = YES;
				SDKROOT = iphoneos;
				SWIFT_COMPILATION_MODE = wholemodule;
				SWIFT_OPTIMIZATION_LEVEL = "-O";
				VALIDATE_PRODUCT = YES;
			};
			name = Release;
		};
		528004CC28E2F4C7002E270C /* Debug */ = {
			isa = XCBuildConfiguration;
			buildSettings = {
				ASSETCATALOG_COMPILER_APPICON_NAME = AppIcon;
				ASSETCATALOG_COMPILER_GLOBAL_ACCENT_COLOR_NAME = AccentColor;
				CODE_SIGN_STYLE = Automatic;
				DEVELOPMENT_TEAM = 8BMP8HX9Y5;
				INFOPLIST_FILE = Instagram/Info.plist;
				LD_RUNPATH_SEARCH_PATHS = (
					"$(inherited)",
					"@executable_path/Frameworks",
				);
				PRODUCT_BUNDLE_IDENTIFIER = Kryukov.Instagram;
				PRODUCT_NAME = "$(TARGET_NAME)";
				SWIFT_VERSION = 5.0;
				TARGETED_DEVICE_FAMILY = "1,2";
			};
			name = Debug;
		};
		528004CD28E2F4C7002E270C /* Release */ = {
			isa = XCBuildConfiguration;
			buildSettings = {
				ASSETCATALOG_COMPILER_APPICON_NAME = AppIcon;
				ASSETCATALOG_COMPILER_GLOBAL_ACCENT_COLOR_NAME = AccentColor;
				CODE_SIGN_STYLE = Automatic;
				DEVELOPMENT_TEAM = 8BMP8HX9Y5;
				INFOPLIST_FILE = Instagram/Info.plist;
				LD_RUNPATH_SEARCH_PATHS = (
					"$(inherited)",
					"@executable_path/Frameworks",
				);
				PRODUCT_BUNDLE_IDENTIFIER = Kryukov.Instagram;
				PRODUCT_NAME = "$(TARGET_NAME)";
				SWIFT_VERSION = 5.0;
				TARGETED_DEVICE_FAMILY = "1,2";
			};
			name = Release;
		};
/* End XCBuildConfiguration section */

/* Begin XCConfigurationList section */
		528004B228E2F4C4002E270C /* Build configuration list for PBXProject "Instagram" */ = {
			isa = XCConfigurationList;
			buildConfigurations = (
				528004C928E2F4C7002E270C /* Debug */,
				528004CA28E2F4C7002E270C /* Release */,
			);
			defaultConfigurationIsVisible = 0;
			defaultConfigurationName = Release;
		};
		528004CB28E2F4C7002E270C /* Build configuration list for PBXNativeTarget "Instagram" */ = {
			isa = XCConfigurationList;
			buildConfigurations = (
				528004CC28E2F4C7002E270C /* Debug */,
				528004CD28E2F4C7002E270C /* Release */,
			);
			defaultConfigurationIsVisible = 0;
			defaultConfigurationName = Release;
		};
/* End XCConfigurationList section */

/* Begin XCRemoteSwiftPackageReference section */
		527464D528E5EA52008A57A3 /* XCRemoteSwiftPackageReference "firebase-ios-sdk" */ = {
			isa = XCRemoteSwiftPackageReference;
			repositoryURL = "https://github.com/firebase/firebase-ios-sdk";
			requirement = {
				kind = upToNextMajorVersion;
				minimumVersion = 9.6.0;
			};
		};
		5274651D28EB45CE008A57A3 /* XCRemoteSwiftPackageReference "SDWebImage" */ = {
			isa = XCRemoteSwiftPackageReference;
			repositoryURL = "https://github.com/SDWebImage/SDWebImage.git";
			requirement = {
				kind = upToNextMajorVersion;
				minimumVersion = 5.13.4;
			};
		};
		5274651E28EB580D008A57A3 /* XCRemoteSwiftPackageReference "Kingfisher" */ = {
			isa = XCRemoteSwiftPackageReference;
			repositoryURL = "https://github.com/onevcat/Kingfisher.git";
			requirement = {
				kind = upToNextMajorVersion;
				minimumVersion = 7.3.2;
			};
		};
		52D787E928F44B4900677FCE /* XCRemoteSwiftPackageReference "YPImagePicker" */ = {
			isa = XCRemoteSwiftPackageReference;
			repositoryURL = "https://github.com/Yummypets/YPImagePicker.git";
			requirement = {
				kind = upToNextMajorVersion;
				minimumVersion = 5.2.1;
			};
		};
		52D787F228F5953900677FCE /* XCRemoteSwiftPackageReference "JGProgressHUD" */ = {
			isa = XCRemoteSwiftPackageReference;
			repositoryURL = "https://github.com/JonasGessner/JGProgressHUD.git";
			requirement = {
				kind = upToNextMajorVersion;
				minimumVersion = 2.2.0;
			};
		};
/* End XCRemoteSwiftPackageReference section */

/* Begin XCSwiftPackageProductDependency section */
		527464D628E5EA52008A57A3 /* FirebaseAppDistribution-Beta */ = {
			isa = XCSwiftPackageProductDependency;
			package = 527464D528E5EA52008A57A3 /* XCRemoteSwiftPackageReference "firebase-ios-sdk" */;
			productName = "FirebaseAppDistribution-Beta";
		};
		527464D828E5EA52008A57A3 /* FirebaseInAppMessaging-Beta */ = {
			isa = XCSwiftPackageProductDependency;
			package = 527464D528E5EA52008A57A3 /* XCRemoteSwiftPackageReference "firebase-ios-sdk" */;
			productName = "FirebaseInAppMessaging-Beta";
		};
		527464DA28E5EA52008A57A3 /* FirebaseAnalyticsWithoutAdIdSupport */ = {
			isa = XCSwiftPackageProductDependency;
			package = 527464D528E5EA52008A57A3 /* XCRemoteSwiftPackageReference "firebase-ios-sdk" */;
			productName = FirebaseAnalyticsWithoutAdIdSupport;
		};
		527464DC28E5EA52008A57A3 /* FirebaseRemoteConfigSwift */ = {
			isa = XCSwiftPackageProductDependency;
			package = 527464D528E5EA52008A57A3 /* XCRemoteSwiftPackageReference "firebase-ios-sdk" */;
			productName = FirebaseRemoteConfigSwift;
		};
		527464DE28E5EA52008A57A3 /* FirebaseAnalyticsSwift */ = {
			isa = XCSwiftPackageProductDependency;
			package = 527464D528E5EA52008A57A3 /* XCRemoteSwiftPackageReference "firebase-ios-sdk" */;
			productName = FirebaseAnalyticsSwift;
		};
		527464E028E5EA52008A57A3 /* FirebaseFirestore */ = {
			isa = XCSwiftPackageProductDependency;
			package = 527464D528E5EA52008A57A3 /* XCRemoteSwiftPackageReference "firebase-ios-sdk" */;
			productName = FirebaseFirestore;
		};
		527464E228E5EA52008A57A3 /* FirebaseAuthCombine-Community */ = {
			isa = XCSwiftPackageProductDependency;
			package = 527464D528E5EA52008A57A3 /* XCRemoteSwiftPackageReference "firebase-ios-sdk" */;
			productName = "FirebaseAuthCombine-Community";
		};
		527464E428E5EA52008A57A3 /* FirebaseInstallations */ = {
			isa = XCSwiftPackageProductDependency;
			package = 527464D528E5EA52008A57A3 /* XCRemoteSwiftPackageReference "firebase-ios-sdk" */;
			productName = FirebaseInstallations;
		};
		527464E628E5EA52008A57A3 /* FirebaseDatabaseSwift */ = {
			isa = XCSwiftPackageProductDependency;
			package = 527464D528E5EA52008A57A3 /* XCRemoteSwiftPackageReference "firebase-ios-sdk" */;
			productName = FirebaseDatabaseSwift;
		};
		527464E828E5EA52008A57A3 /* FirebaseAnalyticsOnDeviceConversion */ = {
			isa = XCSwiftPackageProductDependency;
			package = 527464D528E5EA52008A57A3 /* XCRemoteSwiftPackageReference "firebase-ios-sdk" */;
			productName = FirebaseAnalyticsOnDeviceConversion;
		};
		527464EA28E5EA52008A57A3 /* FirebaseFunctionsCombine-Community */ = {
			isa = XCSwiftPackageProductDependency;
			package = 527464D528E5EA52008A57A3 /* XCRemoteSwiftPackageReference "firebase-ios-sdk" */;
			productName = "FirebaseFunctionsCombine-Community";
		};
		527464EC28E5EA52008A57A3 /* FirebaseDatabase */ = {
			isa = XCSwiftPackageProductDependency;
			package = 527464D528E5EA52008A57A3 /* XCRemoteSwiftPackageReference "firebase-ios-sdk" */;
			productName = FirebaseDatabase;
		};
		527464EE28E5EA52008A57A3 /* FirebaseAnalytics */ = {
			isa = XCSwiftPackageProductDependency;
			package = 527464D528E5EA52008A57A3 /* XCRemoteSwiftPackageReference "firebase-ios-sdk" */;
			productName = FirebaseAnalytics;
		};
		527464F028E5EA52008A57A3 /* FirebasePerformance */ = {
			isa = XCSwiftPackageProductDependency;
			package = 527464D528E5EA52008A57A3 /* XCRemoteSwiftPackageReference "firebase-ios-sdk" */;
			productName = FirebasePerformance;
		};
		527464F228E5EA52008A57A3 /* FirebaseRemoteConfig */ = {
			isa = XCSwiftPackageProductDependency;
			package = 527464D528E5EA52008A57A3 /* XCRemoteSwiftPackageReference "firebase-ios-sdk" */;
			productName = FirebaseRemoteConfig;
		};
		527464F428E5EA52008A57A3 /* FirebaseAppCheck */ = {
			isa = XCSwiftPackageProductDependency;
			package = 527464D528E5EA52008A57A3 /* XCRemoteSwiftPackageReference "firebase-ios-sdk" */;
			productName = FirebaseAppCheck;
		};
		527464F628E5EA52008A57A3 /* FirebaseFirestoreSwift */ = {
			isa = XCSwiftPackageProductDependency;
			package = 527464D528E5EA52008A57A3 /* XCRemoteSwiftPackageReference "firebase-ios-sdk" */;
			productName = FirebaseFirestoreSwift;
		};
		527464F828E5EA52008A57A3 /* FirebaseAuth */ = {
			isa = XCSwiftPackageProductDependency;
			package = 527464D528E5EA52008A57A3 /* XCRemoteSwiftPackageReference "firebase-ios-sdk" */;
			productName = FirebaseAuth;
		};
		527464FA28E5EA52008A57A3 /* FirebaseInAppMessagingSwift-Beta */ = {
			isa = XCSwiftPackageProductDependency;
			package = 527464D528E5EA52008A57A3 /* XCRemoteSwiftPackageReference "firebase-ios-sdk" */;
			productName = "FirebaseInAppMessagingSwift-Beta";
		};
		527464FC28E5EA52008A57A3 /* FirebaseStorageCombine-Community */ = {
			isa = XCSwiftPackageProductDependency;
			package = 527464D528E5EA52008A57A3 /* XCRemoteSwiftPackageReference "firebase-ios-sdk" */;
			productName = "FirebaseStorageCombine-Community";
		};
		527464FE28E5EA52008A57A3 /* FirebaseMLModelDownloader */ = {
			isa = XCSwiftPackageProductDependency;
			package = 527464D528E5EA52008A57A3 /* XCRemoteSwiftPackageReference "firebase-ios-sdk" */;
			productName = FirebaseMLModelDownloader;
		};
		5274650028E5EA52008A57A3 /* FirebaseCrashlytics */ = {
			isa = XCSwiftPackageProductDependency;
			package = 527464D528E5EA52008A57A3 /* XCRemoteSwiftPackageReference "firebase-ios-sdk" */;
			productName = FirebaseCrashlytics;
		};
		5274650228E5EA52008A57A3 /* FirebaseMessaging */ = {
			isa = XCSwiftPackageProductDependency;
			package = 527464D528E5EA52008A57A3 /* XCRemoteSwiftPackageReference "firebase-ios-sdk" */;
			productName = FirebaseMessaging;
		};
		5274650428E5EA52008A57A3 /* FirebaseStorage */ = {
			isa = XCSwiftPackageProductDependency;
			package = 527464D528E5EA52008A57A3 /* XCRemoteSwiftPackageReference "firebase-ios-sdk" */;
			productName = FirebaseStorage;
		};
		5274650628E5EA52008A57A3 /* FirebaseDynamicLinks */ = {
			isa = XCSwiftPackageProductDependency;
			package = 527464D528E5EA52008A57A3 /* XCRemoteSwiftPackageReference "firebase-ios-sdk" */;
			productName = FirebaseDynamicLinks;
		};
		5274650828E5EA52008A57A3 /* FirebaseFunctions */ = {
			isa = XCSwiftPackageProductDependency;
			package = 527464D528E5EA52008A57A3 /* XCRemoteSwiftPackageReference "firebase-ios-sdk" */;
			productName = FirebaseFunctions;
		};
		5274650A28E5EA52008A57A3 /* FirebaseFirestoreCombine-Community */ = {
			isa = XCSwiftPackageProductDependency;
			package = 527464D528E5EA52008A57A3 /* XCRemoteSwiftPackageReference "firebase-ios-sdk" */;
			productName = "FirebaseFirestoreCombine-Community";
		};
		5274651F28EB580D008A57A3 /* Kingfisher */ = {
			isa = XCSwiftPackageProductDependency;
			package = 5274651E28EB580D008A57A3 /* XCRemoteSwiftPackageReference "Kingfisher" */;
			productName = Kingfisher;
		};
		52D787EA28F44B4900677FCE /* YPImagePicker */ = {
			isa = XCSwiftPackageProductDependency;
			package = 52D787E928F44B4900677FCE /* XCRemoteSwiftPackageReference "YPImagePicker" */;
			productName = YPImagePicker;
		};
		52D787F328F5953900677FCE /* JGProgressHUD */ = {
			isa = XCSwiftPackageProductDependency;
			package = 52D787F228F5953900677FCE /* XCRemoteSwiftPackageReference "JGProgressHUD" */;
			productName = JGProgressHUD;
		};
/* End XCSwiftPackageProductDependency section */
	};
	rootObject = 528004AF28E2F4C4002E270C /* Project object */;
}
